<?xml version="1.0" encoding="utf-8"?>
<Project ToolsVersion="4.0" xmlns="http://schemas.microsoft.com/developer/msbuild/2003">
  <ItemGroup>
    <ClCompile Include="main.cpp" />
    <ClCompile Include="application.cpp" />
    <ClCompile Include="..\external\glad\src\glad.c" />
    <ClCompile Include="error.cpp" />
    <ClCompile Include="shader.cpp" />
    <ClCompile Include="storage.cpp" />
    <ClCompile Include="hashgrid.cpp" />
    <ClCompile Include="ambient_occlusion.cpp" />
    <ClCompile Include="voxel_octree.cpp" />
    <ClCompile Include="particle_data.cpp" />
    <ClCompile Include="clock.cpp" />
  </ItemGroup>
  <ItemGroup>
    <ClInclude Include="application.hpp" />
    <ClInclude Include="error.hpp" />
    <ClInclude Include="shader.hpp" />
    <ClInclude Include="storage.hpp" />
    <ClInclude Include="hashgrid.hpp" />
    <ClInclude Include="ambient_occlusion.hpp" />
    <ClInclude Include="voxel_octree.hpp" />
    <ClInclude Include="particle_data.hpp" />
    <ClInclude Include="clock.hpp" />
  </ItemGroup>
  <ItemGroup>
    <None Include="mipmap.glcs" />
    <None Include="gathering2.glcs" />
    <None Include="gathering3.glcs" />
    <None Include="fullscreen_quad.glvs" />
    <None Include="draw_occlusion.glfs" />
    <None Include="cast_rays.glfs" />
    <None Include="trace_cones.glfs" />
    <None Include="scatter.glcs" />
    <None Include="scatter_rasterizer.glfs" />
    <None Include="scatter_rasterizer.glgs" />
    <None Include="scatter_rasterizer.glvs" />
    <None Include="clamp.glcs" />
    <None Include="draw_geometry.glfs" />
    <None Include="draw_geometry.glvs" />
  </ItemGroup>
</Project>