<?xml version="1.0" encoding="utf-8"?>
<Project ToolsVersion="4.0" xmlns="http://schemas.microsoft.com/developer/msbuild/2003">
  <ItemGroup>
    <ClCompile Include="main.cpp" />
    <ClCompile Include="application.cpp" />
    <ClCompile Include="..\external\glad\src\glad.c" />
    <ClCompile Include="error.cpp" />
    <ClCompile Include="particles.cpp" />
    <ClCompile Include="shader.cpp" />
    <ClCompile Include="storage.cpp" />
    <ClCompile Include="hashgrid.cpp" />
    <ClCompile Include="voxelgrid.cpp" />
    <ClCompile Include="ambientocclusion.cpp" />
  </ItemGroup>
  <ItemGroup>
    <ClInclude Include="application.hpp" />
    <ClInclude Include="error.hpp" />
    <ClInclude Include="particles.hpp" />
    <ClInclude Include="shader.hpp" />
    <ClInclude Include="storage.hpp" />
    <ClInclude Include="hashgrid.hpp" />
    <ClInclude Include="voxelgrid.hpp" />
    <ClInclude Include="ambientocclusion.hpp" />
  </ItemGroup>
  <ItemGroup>
    <None Include="mipmap.glcs" />
    <None Include="gathering2.glcs" />
    <None Include="gathering3.glcs" />
    <None Include="draw_particles.glvs" />
    <None Include="draw_particles.glfs" />
    <None Include="scattering_sorted.glcs" />
    <None Include="scattering_unsorted.glcs" />
    <None Include="scattering_texture.glfs" />
    <None Include="scattering_texture.glgs" />
    <None Include="scattering_texture.glvs" />
    <None Include="scattering_sorted2.glcs" />
    <None Include="ray_casting.glfs" />
    <None Include="fullscreen_quad.glvs" />
    <None Include="draw_occlusion.glfs" />
    <None Include="cone_tracing.glfs" />
  </ItemGroup>
</Project>